github.com/aws/aws-sdk-go-v2 v1.18.0/go.mod h1:uzbQtefpm44goOPmdKyAlXSNcwlRgF3ePWVW6EtJvvw=
github.com/aws/aws-sdk-go-v2 v1.36.5 h1:0OF9RiEMEdDdZEMqF9MRjevyxAQcf6gY+E7vwBILFj0=
github.com/aws/aws-sdk-go-v2 v1.36.5/go.mod h1:EYrzvCCN9CMUTa5+6lf6MM4tq3Zjp8UhSGR/cBsjai0=
github.com/aws/aws-sdk-go-v2/config v1.18.23 h1:gc3lPsAnZpwfi2exupmgHfva0JiAY2BWDg5JWYlmA28=
github.com/aws/aws-sdk-go-v2/config v1.18.23/go.mod h1:rx0ruaQ+gk3OrLFHRRx56lA//XxP8K8uPzeNiKNuWVY=
github.com/aws/aws-sdk-go-v2/credentials v1.13.22 h1:Hp9rwJS4giQ48xqonRV/s7QcDf/wxF6UY7osRmBabvI=
github.com/aws/aws-sdk-go-v2/credentials v1.13.22/go.mod h1:BfNcm6A9nSd+bzejDcMJ5RE+k6WbkCwWkQil7q4heRk=
github.com/aws/aws-sdk-go-v2/feature/dynamodb/attributevalue v1.19.4 h1:jKR2jpZqpmBSAVX7xxdOi1E3Z0E9WizMIlxlGI3Hh9o=
github.com/aws/aws-sdk-go-v2/feature/dynamodb/attributevalue v1.19.4/go.mod h1:ATyfcCpSMZuB/rnpFcVbiqrTiFzdwcTXeVbgEk6iXbY=
github.com/aws/aws-sdk-go-v2/feature/ec2/imds v1.13.3 h1:jJPgroehGvjrde3XufFIJUZVK5A2L9a3KwSFgKy9n8w=
github.com/aws/aws-sdk-go-v2/feature/ec2/imds v1.13.3/go.mod h1:4Q0UFP0YJf0NrsEuEYHpM9fTSEVnD16Z3uyEF7J9JGM=
github.com/aws/aws-sdk-go-v2/internal/configsources v1.1.33/go.mod h1:7i0PF1ME/2eUPFcjkVIwq+DOygHEoK92t5cDqNgYbIw=
github.com/aws/aws-sdk-go-v2/internal/configsources v1.3.36 h1:SsytQyTMHMDPspp+spo7XwXTP44aJZZAC7fBV2C5+5s=
github.com/aws/aws-sdk-go-v2/internal/configsources v1.3.36/go.mod h1:Q1lnJArKRXkenyog6+Y+zr7WDpk4e6XlR6gs20bbeNo=
github.com/aws/aws-sdk-go-v2/internal/endpoints/v2 v2.4.27/go.mod h1:UrHnn3QV/d0pBZ6QBAEQcqFLf8FAzLmoUfPVIueOvoM=
github.com/aws/aws-sdk-go-v2/internal/endpoints/v2 v2.6.36 h1:i2vNHQiXUvKhs3quBR6aqlgJaiaexz/aNvdCktW/kAM=
github.com/aws/aws-sdk-go-v2/internal/endpoints/v2 v2.6.36/go.mod h1:UdyGa7Q91id/sdyHPwth+043HhmP6yP9MBHgbZM0xo8=
github.com/aws/aws-sdk-go-v2/internal/ini v1.3.34 h1:gGLG7yKaXG02/jBlg210R7VgQIotiQntNhsCFejawx8=
github.com/aws/aws-sdk-go-v2/internal/ini v1.3.34/go.mod h1:Etz2dj6UHYuw+Xw830KfzCfWGMzqvUTCjUj5b76GVDc=
github.com/aws/aws-sdk-go-v2/service/dynamodb v1.44.0 h1:A99gjqZDbdhjtjJVZrmVzVKO2+p3MSg35bDWtbMQVxw=
github.com/aws/aws-sdk-go-v2/service/dynamodb v1.44.0/go.mod h1:mWB0GE1bqcVSvpW7OtFA0sKuHk52+IqtnsYU2jUfYAs=
github.com/aws/aws-sdk-go-v2/service/dynamodbstreams v1.25.6 h1:QHaS/SHXfyNycuu4GiWb+AfW5T3bput6X5E3Ai/Q31M=
github.com/aws/aws-sdk-go-v2/service/dynamodbstreams v1.25.6/go.mod h1:He/RikglWUczbkV+fkdpcV/3GdL/rTRNVy7VaUiezMo=
github.com/aws/aws-sdk-go-v2/service/internal/accept-encoding v1.12.4 h1:CXV68E2dNqhuynZJPB80bhPQwAKqBWVer887figW6Jc=
github.com/aws/aws-sdk-go-v2/service/internal/accept-encoding v1.12.4/go.mod h1:/xFi9KtvBXP97ppCz1TAEvU1Uf66qvid89rbem3wCzQ=
github.com/aws/aws-sdk-go-v2/service/internal/endpoint-discovery v1.10.17 h1:x187MqiHwBGjMGAed8Y8K1VGuCtFvQvXb24r+bwmSdo=
github.com/aws/aws-sdk-go-v2/service/internal/endpoint-discovery v1.10.17/go.mod h1:mC9qMbA6e1pwEq6X3zDGtZRXMG2YaElJkbJlMVHLs5I=
github.com/aws/aws-sdk-go-v2/service/internal/presigned-url v1.9.27 h1:0iKliEXAcCa2qVtRs7Ot5hItA2MsufrphbRFlz1Owxo=
github.com/aws/aws-sdk-go-v2/service/internal/presigned-url v1.9.27/go.mod h1:EOwBD4J4S5qYszS5/3DpkejfuK+Z5/1uzICfPaZLtqw=
github.com/aws/aws-sdk-go-v2/service/sqs v1.29.1 h1:OZI2aJxnfOZzB0uhyTaYIW6MeRMb1Qd2eLMjh0bFsRg=
github.com/aws/aws-sdk-go-v2/service/sqs v1.29.1/go.mod h1:GiU88YWgOho2cyEyS2YZo3GYz/j4etRYKWbJdcYgpuQ=
github.com/aws/aws-sdk-go-v2/service/sso v1.12.10 h1:UBQjaMTCKwyUYwiVnUt6toEJwGXsLBI6al083tpjJzY=
github.com/aws/aws-sdk-go-v2/service/sso v1.12.10/go.mod h1:ouy2P4z6sJN70fR3ka3wD3Ro3KezSxU6eKGQI2+2fjI=
github.com/aws/aws-sdk-go-v2/service/ssooidc v1.14.10 h1:PkHIIJs8qvq0e5QybnZoG1K/9QTrLr9OsqCIo59jOBA=
github.com/aws/aws-sdk-go-v2/service/ssooidc v1.14.10/go.mod h1:AFvkxc8xfBe8XA+5St5XIHHrQQtkxqrRincx4hmMHOk=
github.com/aws/aws-sdk-go-v2/service/sts v1.18.11 h1:uBE+Zj478pfxV98L6SEpvxYiADNjTlMNY714PJLE7uo=
github.com/aws/aws-sdk-go-v2/service/sts v1.18.11/go.mod h1:BgQOMsg8av8jset59jelyPW7NoZcZXLVpDsXunGDrk8=
github.com/aws/smithy-go v1.13.5/go.mod h1:Tg+OJXh4MB2R/uN61Ko2f6hTZwB/ZYGOtib8J3gBHzA=
github.com/aws/smithy-go v1.22.4 h1:uqXzVZNuNexwc/xrh6Tb56u89WDlJY6HS+KC0S4QSjw=
github.com/aws/smithy-go v1.22.4/go.mod h1:t1ufH5HMublsJYulve2RKmHDC15xu1f26kHCp/HgceI=
github.com/davecgh/go-spew v1.1.0 h1:ZDRjVQ15GmhC3fiQ8ni8+OwkZQO4DARzQgrnXU1Liz8=
github.com/davecgh/go-spew v1.1.0/go.mod h1:J7Y8YcW2NihsgmVo/mv3lAwl/skON4iLHjSsI+c5H38=
github.com/google/go-cmp v0.5.8 h1:e6P7q2lk1O+qJJb4BtCQXlK8vWEO8V1ZeuEdJNOqZyg=
github.com/google/go-cmp v0.5.8/go.mod h1:17dUlkBOakJ0+DkrSSNjCkIjxS6bF9zb3elmeNGIjoY=
github.com/jmespath/go-jmespath v0.4.0/go.mod h1:T8mJZnbsbmF+m6zOOFylbeCJqk5+pHWvzYPziyZiYoo=
github.com/jmespath/go-jmespath/internal/testify v1.5.1/go.mod h1:L3OGu8Wl2/fWfCI6z80xFu9LTZmf1ZRjMHUOPmWr69U=
github.com/pmezard/go-difflib v1.0.0 h1:4DBwDE0NGyQoBHbLQYPwSUPoCMWR5BEzIk/f1lZbAQM=
github.com/pmezard/go-difflib v1.0.0/go.mod h1:iKH77koFhYxTK1pcRnkKkqfTogsbg7gZNVY4sRDYZ/4=
github.com/stretchr/objx v0.1.0/go.mod h1:HFkY916IF+rwdDfMAkV7OtwuqBVzrE8GR6GFx+wExME=
github.com/stretchr/testify v1.3.0 h1:TivCn/peBQ7UY8ooIcPgZFpTNSz0Q2U6UrFlUfqbe0Q=
github.com/stretchr/testify v1.3.0/go.mod h1:M5WIy9Dh21IEIfnGCwXGc5bZfKNJtfHm1UVUgZn+9EI=
github.com/xeipuuv/gojsonpointer v0.0.0-20180127040702-4e3ac2762d5f h1:J9EGpcZtP0E/raorCMxlFGSTBrsSlaDGf3jU/qvAE2c=
github.com/xeipuuv/gojsonpointer v0.0.0-20180127040702-4e3ac2762d5f/go.mod h1:N2zxlSyiKSe5eX1tZViRH5QA0qijqEDrYZiPEAiq3wU=
github.com/xeipuuv/gojsonreference v0.0.0-20180127040603-bd5ef7bd5415 h1:EzJWgHovont7NscjpAxXsDA8S8BMYve8Y5+7cuRE7R0=
github.com/xeipuuv/gojsonreference v0.0.0-20180127040603-bd5ef7bd5415/go.mod h1:GwrjFmJcFw6At/Gs6z4yjiIwzuJ1/+UwLxMQDVQXShQ=
github.com/xeipuuv/gojsonschema v1.2.0 h1:LhYJRs+L4fBtjZUfuSZIKGeVu0QRy8e5Xi7D17UxZ74=
github.com/xeipuuv/gojsonschema v1.2.0/go.mod h1:anYRn/JVcOK2ZgGU+IjEV4nwlhoK5sQluxsYJ78Id3Y=
gopkg.in/check.v1 v0.0.0-20161208181325-20d25e280405/go.mod h1:Co6ibVJAznAaIkqp8huTwlJQCZ016jof/cbN4VW5Yz0=
gopkg.in/yaml.v2 v2.2.8/go.mod h1:hI93XBmqTisBFMUTm0b8Fm+jr3Dg1NNxqwp+5A1VGuI=
